
Microsoft Visual Studio Solution File, Format Version 12.00
# Visual Studio Version 17
VisualStudioVersion = 17.6.33815.320
MinimumVisualStudioVersion = 10.0.40219.1
Project("{FAE04EC0-301F-11D3-BF4B-00C04F79EFBC}") = "Sla", "Src\Sla\Sla.csproj", "{29CFEA47-8DBF-4B63-9BE6-625A9A2A30F1}"
EndProject
Global
	GlobalSection(SolutionConfigurationPlatforms) = preSolution
		Debug|Any CPU = Debug|Any CPU
		Release|Any CPU = Release|Any CPU
	EndGlobalSection
	GlobalSection(ProjectConfigurationPlatforms) = postSolution
		{29CFEA47-8DBF-4B63-9BE6-625A9A2A30F1}.Debug|Any CPU.ActiveCfg = Debug|Any CPU
		{29CFEA47-8DBF-4B63-9BE6-625A9A2A30F1}.Debug|Any CPU.Build.0 = Debug|Any CPU
		{29CFEA47-8DBF-4B63-9BE6-625A9A2A30F1}.Release|Any CPU.ActiveCfg = Release|Any CPU
		{29CFEA47-8DBF-4B63-9BE6-625A9A2A30F1}.Release|Any CPU.Build.0 = Release|Any CPU
	EndGlobalSection
	GlobalSection(SolutionProperties) = preSolution
		HideSolutionNode = FALSE
	EndGlobalSection
	GlobalSection(ExtensibilityGlobals) = postSolution
		SolutionGuid = {579C5E05-F684-4B18-A597-72EDE5E9C6F5}
	EndGlobalSection
EndGlobal
